
Microsoft Visual Studio Solution File, Format Version 12.00
# Visual Studio Version 16
VisualStudioVersion = 16.0.29009.5
MinimumVisualStudioVersion = 10.0.40219.1
Project("{FAE04EC0-301F-11D3-BF4B-00C04F79EFBC}") = "one", "one\one.csproj", "{156FB2AB-94AE-4D77-913B-0FF8A5FD5DEA}"
EndProject
Global
	GlobalSection(SolutionConfigurationPlatforms) = preSolution
		Debug|Any CPU = Debug|Any CPU
		Release|Any CPU = Release|Any CPU
	EndGlobalSection
	GlobalSection(ProjectConfigurationPlatforms) = postSolution
		{156FB2AB-94AE-4D77-913B-0FF8A5FD5DEA}.Debug|Any CPU.ActiveCfg = Debug|Any CPU
		{156FB2AB-94AE-4D77-913B-0FF8A5FD5DEA}.Debug|Any CPU.Build.0 = Debug|Any CPU
		{156FB2AB-94AE-4D77-913B-0FF8A5FD5DEA}.Release|Any CPU.ActiveCfg = Release|Any CPU
		{156FB2AB-94AE-4D77-913B-0FF8A5FD5DEA}.Release|Any CPU.Build.0 = Release|Any CPU
	EndGlobalSection
	GlobalSection(SolutionProperties) = preSolution
		HideSolutionNode = FALSE
	EndGlobalSection
	GlobalSection(ExtensibilityGlobals) = postSolution
		SolutionGuid = {D29E033B-F8C9-47EF-B44C-1C1C132787CF}
	EndGlobalSection
EndGlobal
