
Microsoft Visual Studio Solution File, Format Version 12.00
# Visual Studio Version 16
VisualStudioVersion = 16.0.29009.5
MinimumVisualStudioVersion = 10.0.40219.1
Project("{FAE04EC0-301F-11D3-BF4B-00C04F79EFBC}") = "ConsoleApp1", "ConsoleApp1\ConsoleApp1.csproj", "{E2FE454D-4622-4712-84B0-DF53DF3F091C}"
EndProject
Global
	GlobalSection(SolutionConfigurationPlatforms) = preSolution
		Debug|Any CPU = Debug|Any CPU
		Release|Any CPU = Release|Any CPU
	EndGlobalSection
	GlobalSection(ProjectConfigurationPlatforms) = postSolution
		{E2FE454D-4622-4712-84B0-DF53DF3F091C}.Debug|Any CPU.ActiveCfg = Debug|Any CPU
		{E2FE454D-4622-4712-84B0-DF53DF3F091C}.Debug|Any CPU.Build.0 = Debug|Any CPU
		{E2FE454D-4622-4712-84B0-DF53DF3F091C}.Release|Any CPU.ActiveCfg = Release|Any CPU
		{E2FE454D-4622-4712-84B0-DF53DF3F091C}.Release|Any CPU.Build.0 = Release|Any CPU
	EndGlobalSection
	GlobalSection(SolutionProperties) = preSolution
		HideSolutionNode = FALSE
	EndGlobalSection
	GlobalSection(ExtensibilityGlobals) = postSolution
		SolutionGuid = {6FAA3450-912C-4D10-BB1F-68C32A0E85D7}
	EndGlobalSection
EndGlobal
