
Microsoft Visual Studio Solution File, Format Version 12.00
# Visual Studio Version 16
VisualStudioVersion = 16.0.29009.5
MinimumVisualStudioVersion = 10.0.40219.1
Project("{FAE04EC0-301F-11D3-BF4B-00C04F79EFBC}") = "hello world", "hello world\hello world.csproj", "{88BF6DB0-DCD5-4039-83E9-32821CD52E07}"
EndProject
Global
	GlobalSection(SolutionConfigurationPlatforms) = preSolution
		Debug|Any CPU = Debug|Any CPU
		Release|Any CPU = Release|Any CPU
	EndGlobalSection
	GlobalSection(ProjectConfigurationPlatforms) = postSolution
		{88BF6DB0-DCD5-4039-83E9-32821CD52E07}.Debug|Any CPU.ActiveCfg = Debug|Any CPU
		{88BF6DB0-DCD5-4039-83E9-32821CD52E07}.Debug|Any CPU.Build.0 = Debug|Any CPU
		{88BF6DB0-DCD5-4039-83E9-32821CD52E07}.Release|Any CPU.ActiveCfg = Release|Any CPU
		{88BF6DB0-DCD5-4039-83E9-32821CD52E07}.Release|Any CPU.Build.0 = Release|Any CPU
	EndGlobalSection
	GlobalSection(SolutionProperties) = preSolution
		HideSolutionNode = FALSE
	EndGlobalSection
	GlobalSection(ExtensibilityGlobals) = postSolution
		SolutionGuid = {3A0CD356-1C8C-4A39-988E-9BB2A27D1131}
	EndGlobalSection
EndGlobal
